
Microsoft Visual Studio Solution File, Format Version 12.00
# Visual Studio Version 17
VisualStudioVersion = 17.14.36511.14 d17.14
MinimumVisualStudioVersion = 10.0.40219.1
Project("{FAE04EC0-301F-11D3-BF4B-00C04F79EFBC}") = "AgClPlugin028_HealSCPOnStop", "AgClPlugin028_HealSCPOnStop.csproj", "{2CF5A040-7BA3-4068-A0E2-ED8D77DB3935}"
EndProject
Global
	GlobalSection(SolutionConfigurationPlatforms) = preSolution
		Debug|Any CPU = Debug|Any CPU
		Debug|x64 = Debug|x64
		Release|Any CPU = Release|Any CPU
		Release|x64 = Release|x64
	EndGlobalSection
	GlobalSection(ProjectConfigurationPlatforms) = postSolution
		{2CF5A040-7BA3-4068-A0E2-ED8D77DB3935}.Debug|Any CPU.ActiveCfg = Debug|Any CPU
		{2CF5A040-7BA3-4068-A0E2-ED8D77DB3935}.Debug|Any CPU.Build.0 = Debug|Any CPU
		{2CF5A040-7BA3-4068-A0E2-ED8D77DB3935}.Debug|x64.ActiveCfg = Debug|x64
		{2CF5A040-7BA3-4068-A0E2-ED8D77DB3935}.Debug|x64.Build.0 = Debug|x64
		{2CF5A040-7BA3-4068-A0E2-ED8D77DB3935}.Release|Any CPU.ActiveCfg = Release|Any CPU
		{2CF5A040-7BA3-4068-A0E2-ED8D77DB3935}.Release|Any CPU.Build.0 = Release|Any CPU
		{2CF5A040-7BA3-4068-A0E2-ED8D77DB3935}.Release|x64.ActiveCfg = Release|x64
		{2CF5A040-7BA3-4068-A0E2-ED8D77DB3935}.Release|x64.Build.0 = Release|x64
	EndGlobalSection
	GlobalSection(SolutionProperties) = preSolution
		HideSolutionNode = FALSE
	EndGlobalSection
	GlobalSection(ExtensibilityGlobals) = postSolution
		SolutionGuid = {6B6916BF-7235-40B1-AE6F-62D31148BDF2}
	EndGlobalSection
EndGlobal
